
Microsoft Visual Studio Solution File, Format Version 12.00
# Visual Studio Version 18
VisualStudioVersion = 18.4.11605.240
MinimumVisualStudioVersion = 10.0.40219.1
Project("{FAE04EC0-301F-11D3-BF4B-00C04F79EFBC}") = "Nayan_Grade_Management", "Nayan_Grade_Management.csproj", "{7905E8EC-5EC8-4E7A-B4D8-89BC00DF462F}"
EndProject
Project("{FAE04EC0-301F-11D3-BF4B-00C04F79EFBC}") = "GradeManagementAppService", "GradeManagementAppService\GradeManagementAppService.csproj", "{76FE2427-A189-4FC2-8076-0310DDF5F558}"
EndProject
Project("{FAE04EC0-301F-11D3-BF4B-00C04F79EFBC}") = "GradeManagementDataService", "GradeManagementDataService\GradeManagementDataService.csproj", "{713FCA0C-A335-4CCE-A680-77E23550838E}"
EndProject
Project("{FAE04EC0-301F-11D3-BF4B-00C04F79EFBC}") = "GradeManagementModels", "GradeManagementModels\GradeManagementModels.csproj", "{073EE291-C1E4-4CEB-8E41-05459756BCAF}"
EndProject
Global
	GlobalSection(SolutionConfigurationPlatforms) = preSolution
		Debug|Any CPU = Debug|Any CPU
		Release|Any CPU = Release|Any CPU
	EndGlobalSection
	GlobalSection(ProjectConfigurationPlatforms) = postSolution
		{7905E8EC-5EC8-4E7A-B4D8-89BC00DF462F}.Debug|Any CPU.ActiveCfg = Debug|Any CPU
		{7905E8EC-5EC8-4E7A-B4D8-89BC00DF462F}.Debug|Any CPU.Build.0 = Debug|Any CPU
		{7905E8EC-5EC8-4E7A-B4D8-89BC00DF462F}.Release|Any CPU.ActiveCfg = Release|Any CPU
		{7905E8EC-5EC8-4E7A-B4D8-89BC00DF462F}.Release|Any CPU.Build.0 = Release|Any CPU
		{76FE2427-A189-4FC2-8076-0310DDF5F558}.Debug|Any CPU.ActiveCfg = Debug|Any CPU
		{76FE2427-A189-4FC2-8076-0310DDF5F558}.Debug|Any CPU.Build.0 = Debug|Any CPU
		{76FE2427-A189-4FC2-8076-0310DDF5F558}.Release|Any CPU.ActiveCfg = Release|Any CPU
		{76FE2427-A189-4FC2-8076-0310DDF5F558}.Release|Any CPU.Build.0 = Release|Any CPU
		{713FCA0C-A335-4CCE-A680-77E23550838E}.Debug|Any CPU.ActiveCfg = Debug|Any CPU
		{713FCA0C-A335-4CCE-A680-77E23550838E}.Debug|Any CPU.Build.0 = Debug|Any CPU
		{713FCA0C-A335-4CCE-A680-77E23550838E}.Release|Any CPU.ActiveCfg = Release|Any CPU
		{713FCA0C-A335-4CCE-A680-77E23550838E}.Release|Any CPU.Build.0 = Release|Any CPU
		{073EE291-C1E4-4CEB-8E41-05459756BCAF}.Debug|Any CPU.ActiveCfg = Debug|Any CPU
		{073EE291-C1E4-4CEB-8E41-05459756BCAF}.Debug|Any CPU.Build.0 = Debug|Any CPU
		{073EE291-C1E4-4CEB-8E41-05459756BCAF}.Release|Any CPU.ActiveCfg = Release|Any CPU
		{073EE291-C1E4-4CEB-8E41-05459756BCAF}.Release|Any CPU.Build.0 = Release|Any CPU
	EndGlobalSection
	GlobalSection(SolutionProperties) = preSolution
		HideSolutionNode = FALSE
	EndGlobalSection
	GlobalSection(ExtensibilityGlobals) = postSolution
		SolutionGuid = {2F50E076-F81A-4EC6-9EC0-4270A1EA6EEC}
	EndGlobalSection
EndGlobal
